// !$*UTF8*$!
{
	archiveVersion = 1;
	classes = {
	};
	objectVersion = 54;
	objects = {

/* Begin PBXBuildFile section */
		0CB0113C50425383E40BC705 /* Assets.xcassets in Resources */ = {isa = PBXBuildFile; fileRef = D6A0AF38D9ACE79C776EA4C7 /* Assets.xcassets */; };
		2BA3C6342B3C4CB0007E8B36 /* main.m in Sources */ = {isa = PBXBuildFile; fileRef = 2BA3C6332B3C4CB0007E8B36 /* main.m */; };
		2BA3C6352B3C4CB0007E8B36 /* main.m in Sources */ = {isa = PBXBuildFile; fileRef = 2BA3C6332B3C4CB0007E8B36 /* main.m */; };
		2BD6CBCD2B3DB64E002DB087 /* LaunchScreen.storyboard in Resources */ = {isa = PBXBuildFile; fileRef = 2BD6CBCC2B3DB64E002DB087 /* LaunchScreen.storyboard */; };
		2BD6CBCE2B3DB64E002DB087 /* LaunchScreen.storyboard in Resources */ = {isa = PBXBuildFile; fileRef = 2BD6CBCC2B3DB64E002DB087 /* LaunchScreen.storyboard */; };
		94D9ADC89AD33D83FE625FCC /* Assets.xcassets in Resources */ = {isa = PBXBuildFile; fileRef = D6A0AF38D9ACE79C776EA4C7 /* Assets.xcassets */; };
		AE845F80B0BBB1164AC347B3 /* LearniOSTests.swift in Sources */ = {isa = PBXBuildFile; fileRef = 3A5B430C13236814C2E6DD72 /* LearniOSTests.swift */; };
		B4E363DDDB4D1D0A44DC9F7E /* Pods_LearniOS.framework in Frameworks */ = {isa = PBXBuildFile; fileRef = ADC4980C9B84F8E8A99314FA /* Pods_LearniOS.framework */; };
		C21EA519D3376516EB39011F /* Pods_LearniOSTests.framework in Frameworks */ = {isa = PBXBuildFile; fileRef = CEF65F9958F2B162768ADABF /* Pods_LearniOSTests.framework */; };
		D95977048CAE2B842317C81F /* Pods_LearniOSInHouse.framework in Frameworks */ = {isa = PBXBuildFile; fileRef = B168B2B84FCE378F2D753F12 /* Pods_LearniOSInHouse.framework */; };
/* End PBXBuildFile section */

/* Begin PBXContainerItemProxy section */
		2B0591F026AEA21700F8D743 /* PBXContainerItemProxy */ = {
			isa = PBXContainerItemProxy;
			containerPortal = 2B0591D126AEA21400F8D743 /* Project object */;
			proxyType = 1;
			remoteGlobalIDString = 2B0591D826AEA21400F8D743;
			remoteInfo = LearniOS;
		};
/* End PBXContainerItemProxy section */

/* Begin PBXFileReference section */
		039A3ED0163C38665D7AD8DD /* Pods-LearniOSTests.learniosinhousetest.xcconfig */ = {isa = PBXFileReference; includeInIndex = 1; lastKnownFileType = text.xcconfig; name = "Pods-LearniOSTests.learniosinhousetest.xcconfig"; path = "Target Support Files/Pods-LearniOSTests/Pods-LearniOSTests.learniosinhousetest.xcconfig"; sourceTree = "<group>"; };
		0DAF6A396033DE66B4BEB5A3 /* LearniOS.plist */ = {isa = PBXFileReference; includeInIndex = 1; lastKnownFileType = text.plist.xml; path = LearniOS.plist; sourceTree = "<group>"; };
		2B0591D926AEA21400F8D743 /* LearniOS.app */ = {isa = PBXFileReference; explicitFileType = wrapper.application; includeInIndex = 0; path = LearniOS.app; sourceTree = BUILT_PRODUCTS_DIR; };
		2B0591EF26AEA21700F8D743 /* LearniOSTests.xctest */ = {isa = PBXFileReference; explicitFileType = wrapper.cfbundle; includeInIndex = 0; path = LearniOSTests.xctest; sourceTree = BUILT_PRODUCTS_DIR; };
		2B3E8ACE26B6DA02002BB32B /* LearniOS.app */ = {isa = PBXFileReference; explicitFileType = wrapper.application; includeInIndex = 0; path = LearniOS.app; sourceTree = BUILT_PRODUCTS_DIR; };
		2B69BDF12B244CE70026C6BC /* common.xcconfig */ = {isa = PBXFileReference; lastKnownFileType = text.xcconfig; path = common.xcconfig; sourceTree = "<group>"; };
		2B69BDF22B244CE70026C6BC /* debug.xcconfig */ = {isa = PBXFileReference; lastKnownFileType = text.xcconfig; path = debug.xcconfig; sourceTree = "<group>"; };
		2B69BDF32B244CE70026C6BC /* release.xcconfig */ = {isa = PBXFileReference; lastKnownFileType = text.xcconfig; path = release.xcconfig; sourceTree = "<group>"; };
		2B69BDF42B244CE70026C6BC /* user.xcconfig */ = {isa = PBXFileReference; lastKnownFileType = text.xcconfig; path = user.xcconfig; sourceTree = "<group>"; };
		2BA3C6332B3C4CB0007E8B36 /* main.m */ = {isa = PBXFileReference; lastKnownFileType = sourcecode.c.objc; path = main.m; sourceTree = "<group>"; };
		2BD6CBCC2B3DB64E002DB087 /* LaunchScreen.storyboard */ = {isa = PBXFileReference; fileEncoding = 4; lastKnownFileType = file.storyboard; path = LaunchScreen.storyboard; sourceTree = "<group>"; };
		3A5B430C13236814C2E6DD72 /* LearniOSTests.swift */ = {isa = PBXFileReference; includeInIndex = 1; lastKnownFileType = sourcecode.swift; path = LearniOSTests.swift; sourceTree = "<group>"; };
		416C2151878E9628030FFF07 /* Pods-LearniOSTests.learniosrelease.xcconfig */ = {isa = PBXFileReference; includeInIndex = 1; lastKnownFileType = text.xcconfig; name = "Pods-LearniOSTests.learniosrelease.xcconfig"; path = "Target Support Files/Pods-LearniOSTests/Pods-LearniOSTests.learniosrelease.xcconfig"; sourceTree = "<group>"; };
		4AF2251846C9A03264D55277 /* Pods-LearniOSInHouse.learniosinhousedebug.xcconfig */ = {isa = PBXFileReference; includeInIndex = 1; lastKnownFileType = text.xcconfig; name = "Pods-LearniOSInHouse.learniosinhousedebug.xcconfig"; path = "Target Support Files/Pods-LearniOSInHouse/Pods-LearniOSInHouse.learniosinhousedebug.xcconfig"; sourceTree = "<group>"; };
		5563D417E58DF79C76F5FEBB /* Pods_LearniOS_LearniOSUITests.framework */ = {isa = PBXFileReference; explicitFileType = wrapper.framework; includeInIndex = 0; path = Pods_LearniOS_LearniOSUITests.framework; sourceTree = BUILT_PRODUCTS_DIR; };
		562E96309B23ABC91087B884 /* Pods-LearniOS.learniosinhouserelease.xcconfig */ = {isa = PBXFileReference; includeInIndex = 1; lastKnownFileType = text.xcconfig; name = "Pods-LearniOS.learniosinhouserelease.xcconfig"; path = "Target Support Files/Pods-LearniOS/Pods-LearniOS.learniosinhouserelease.xcconfig"; sourceTree = "<group>"; };
		63829B5202DFD7561581DD21 /* Pods-LearniOSInHouse.learniosdebug.xcconfig */ = {isa = PBXFileReference; includeInIndex = 1; lastKnownFileType = text.xcconfig; name = "Pods-LearniOSInHouse.learniosdebug.xcconfig"; path = "Target Support Files/Pods-LearniOSInHouse/Pods-LearniOSInHouse.learniosdebug.xcconfig"; sourceTree = "<group>"; };
		6C770087E1C1FF2804CC538B /* Pods-LearniOS.debug.xcconfig */ = {isa = PBXFileReference; includeInIndex = 1; lastKnownFileType = text.xcconfig; name = "Pods-LearniOS.debug.xcconfig"; path = "Target Support Files/Pods-LearniOS/Pods-LearniOS.debug.xcconfig"; sourceTree = "<group>"; };
		73335E1363D6AFB14FA99DE3 /* Pods-LearniOS-LearniOSUITests.release.xcconfig */ = {isa = PBXFileReference; includeInIndex = 1; lastKnownFileType = text.xcconfig; name = "Pods-LearniOS-LearniOSUITests.release.xcconfig"; path = "Target Support Files/Pods-LearniOS-LearniOSUITests/Pods-LearniOS-LearniOSUITests.release.xcconfig"; sourceTree = "<group>"; };
		79CECD369F00E94CB24F31CE /* Pods-LearniOSInHouse.learniosinhousetest.xcconfig */ = {isa = PBXFileReference; includeInIndex = 1; lastKnownFileType = text.xcconfig; name = "Pods-LearniOSInHouse.learniosinhousetest.xcconfig"; path = "Target Support Files/Pods-LearniOSInHouse/Pods-LearniOSInHouse.learniosinhousetest.xcconfig"; sourceTree = "<group>"; };
		85F4B654FC23A8ECFFD57DF2 /* Pods-LearniOSInHouse.learniosinhouserelease.xcconfig */ = {isa = PBXFileReference; includeInIndex = 1; lastKnownFileType = text.xcconfig; name = "Pods-LearniOSInHouse.learniosinhouserelease.xcconfig"; path = "Target Support Files/Pods-LearniOSInHouse/Pods-LearniOSInHouse.learniosinhouserelease.xcconfig"; sourceTree = "<group>"; };
		8FA87B25C98E3D808CC90231 /* Pods-LearniOSTests.learniosinhouserelease.xcconfig */ = {isa = PBXFileReference; includeInIndex = 1; lastKnownFileType = text.xcconfig; name = "Pods-LearniOSTests.learniosinhouserelease.xcconfig"; path = "Target Support Files/Pods-LearniOSTests/Pods-LearniOSTests.learniosinhouserelease.xcconfig"; sourceTree = "<group>"; };
		9BAFB3F13287B174AB300EDF /* Pods-LearniOSTests.learniosinhousedebug.xcconfig */ = {isa = PBXFileReference; includeInIndex = 1; lastKnownFileType = text.xcconfig; name = "Pods-LearniOSTests.learniosinhousedebug.xcconfig"; path = "Target Support Files/Pods-LearniOSTests/Pods-LearniOSTests.learniosinhousedebug.xcconfig"; sourceTree = "<group>"; };
		A5DC14990812F673B4A4B825 /* Pods-LearniOS.learniosrelease.xcconfig */ = {isa = PBXFileReference; includeInIndex = 1; lastKnownFileType = text.xcconfig; name = "Pods-LearniOS.learniosrelease.xcconfig"; path = "Target Support Files/Pods-LearniOS/Pods-LearniOS.learniosrelease.xcconfig"; sourceTree = "<group>"; };
		AB1F44B0F1249D21B9782778 /* LearniOS-Bridging-Header.h */ = {isa = PBXFileReference; includeInIndex = 1; lastKnownFileType = sourcecode.c.h; path = "LearniOS-Bridging-Header.h"; sourceTree = "<group>"; };
		ADC4980C9B84F8E8A99314FA /* Pods_LearniOS.framework */ = {isa = PBXFileReference; explicitFileType = wrapper.framework; includeInIndex = 0; path = Pods_LearniOS.framework; sourceTree = BUILT_PRODUCTS_DIR; };
		B168B2B84FCE378F2D753F12 /* Pods_LearniOSInHouse.framework */ = {isa = PBXFileReference; explicitFileType = wrapper.framework; includeInIndex = 0; path = Pods_LearniOSInHouse.framework; sourceTree = BUILT_PRODUCTS_DIR; };
		B395C5EE0DD8AACBD66658FA /* Pods-LearniOS-LearniOSUITests.debug.xcconfig */ = {isa = PBXFileReference; includeInIndex = 1; lastKnownFileType = text.xcconfig; name = "Pods-LearniOS-LearniOSUITests.debug.xcconfig"; path = "Target Support Files/Pods-LearniOS-LearniOSUITests/Pods-LearniOS-LearniOSUITests.debug.xcconfig"; sourceTree = "<group>"; };
		BEDDE91427FA345DACA51D8D /* Pods-LearniOS.learniosdebug.xcconfig */ = {isa = PBXFileReference; includeInIndex = 1; lastKnownFileType = text.xcconfig; name = "Pods-LearniOS.learniosdebug.xcconfig"; path = "Target Support Files/Pods-LearniOS/Pods-LearniOS.learniosdebug.xcconfig"; sourceTree = "<group>"; };
		CA094CE57F4E61DA8D54A9B5 /* Pods-LearniOS.learniosinhousetest.xcconfig */ = {isa = PBXFileReference; includeInIndex = 1; lastKnownFileType = text.xcconfig; name = "Pods-LearniOS.learniosinhousetest.xcconfig"; path = "Target Support Files/Pods-LearniOS/Pods-LearniOS.learniosinhousetest.xcconfig"; sourceTree = "<group>"; };
		CB19CA8DD4B9AB781408ED5F /* Pods-LearniOSTests.debug.xcconfig */ = {isa = PBXFileReference; includeInIndex = 1; lastKnownFileType = text.xcconfig; name = "Pods-LearniOSTests.debug.xcconfig"; path = "Target Support Files/Pods-LearniOSTests/Pods-LearniOSTests.debug.xcconfig"; sourceTree = "<group>"; };
		CD6F869884F915573F59E467 /* Pods-LearniOS.release.xcconfig */ = {isa = PBXFileReference; includeInIndex = 1; lastKnownFileType = text.xcconfig; name = "Pods-LearniOS.release.xcconfig"; path = "Target Support Files/Pods-LearniOS/Pods-LearniOS.release.xcconfig"; sourceTree = "<group>"; };
		CEF65F9958F2B162768ADABF /* Pods_LearniOSTests.framework */ = {isa = PBXFileReference; explicitFileType = wrapper.framework; includeInIndex = 0; path = Pods_LearniOSTests.framework; sourceTree = BUILT_PRODUCTS_DIR; };
		D6A0AF38D9ACE79C776EA4C7 /* Assets.xcassets */ = {isa = PBXFileReference; includeInIndex = 1; lastKnownFileType = folder.assetcatalog; path = Assets.xcassets; sourceTree = "<group>"; };
		DDB2E75278B68CF0957F6A37 /* LearniOS.entitlements */ = {isa = PBXFileReference; includeInIndex = 1; lastKnownFileType = text.plist.entitlements; path = LearniOS.entitlements; sourceTree = "<group>"; };
		E06B1AD6E9CA6CA10FDDD31F /* Pods-LearniOSTests.learniosdebug.xcconfig */ = {isa = PBXFileReference; includeInIndex = 1; lastKnownFileType = text.xcconfig; name = "Pods-LearniOSTests.learniosdebug.xcconfig"; path = "Target Support Files/Pods-LearniOSTests/Pods-LearniOSTests.learniosdebug.xcconfig"; sourceTree = "<group>"; };
		E337587712A734EB8F6E9CA1 /* Pods-LearniOSTests.release.xcconfig */ = {isa = PBXFileReference; includeInIndex = 1; lastKnownFileType = text.xcconfig; name = "Pods-LearniOSTests.release.xcconfig"; path = "Target Support Files/Pods-LearniOSTests/Pods-LearniOSTests.release.xcconfig"; sourceTree = "<group>"; };
		EA893023571A0A386570FD6F /* Pods-LearniOSInHouse.learniosrelease.xcconfig */ = {isa = PBXFileReference; includeInIndex = 1; lastKnownFileType = text.xcconfig; name = "Pods-LearniOSInHouse.learniosrelease.xcconfig"; path = "Target Support Files/Pods-LearniOSInHouse/Pods-LearniOSInHouse.learniosrelease.xcconfig"; sourceTree = "<group>"; };
		F6714B37E098384A9FA2165B /* Pods-LearniOS.learniosinhousedebug.xcconfig */ = {isa = PBXFileReference; includeInIndex = 1; lastKnownFileType = text.xcconfig; name = "Pods-LearniOS.learniosinhousedebug.xcconfig"; path = "Target Support Files/Pods-LearniOS/Pods-LearniOS.learniosinhousedebug.xcconfig"; sourceTree = "<group>"; };
/* End PBXFileReference section */

/* Begin PBXFrameworksBuildPhase section */
		2B0591D626AEA21400F8D743 /* Frameworks */ = {
			isa = PBXFrameworksBuildPhase;
			buildActionMask = 2147483647;
			files = (
				B4E363DDDB4D1D0A44DC9F7E /* Pods_LearniOS.framework in Frameworks */,
			);
			runOnlyForDeploymentPostprocessing = 0;
		};
		2B0591EC26AEA21700F8D743 /* Frameworks */ = {
			isa = PBXFrameworksBuildPhase;
			buildActionMask = 2147483647;
			files = (
				C21EA519D3376516EB39011F /* Pods_LearniOSTests.framework in Frameworks */,
			);
			runOnlyForDeploymentPostprocessing = 0;
		};
		2B3E8AC126B6DA02002BB32B /* Frameworks */ = {
			isa = PBXFrameworksBuildPhase;
			buildActionMask = 2147483647;
			files = (
				D95977048CAE2B842317C81F /* Pods_LearniOSInHouse.framework in Frameworks */,
			);
			runOnlyForDeploymentPostprocessing = 0;
		};
/* End PBXFrameworksBuildPhase section */

/* Begin PBXGroup section */
		2B0591D026AEA21400F8D743 = {
			isa = PBXGroup;
			children = (
				2B69BDF02B244CE70026C6BC /* Configuration */,
				4FF1C94C2B9D536E478E795F /* Frameworks */,
				2B0591DB26AEA21400F8D743 /* LearniOS */,
				2B0591F226AEA21700F8D743 /* LearniOSTests */,
				DDCD70D39B131419319558EA /* Pods */,
				2B0591DA26AEA21400F8D743 /* Products */,
			);
			sourceTree = "<group>";
		};
		2B0591DA26AEA21400F8D743 /* Products */ = {
			isa = PBXGroup;
			children = (
				2B0591D926AEA21400F8D743 /* LearniOS.app */,
				2B0591EF26AEA21700F8D743 /* LearniOSTests.xctest */,
				2B3E8ACE26B6DA02002BB32B /* LearniOS.app */,
			);
			name = Products;
			sourceTree = "<group>";
		};
		2B0591DB26AEA21400F8D743 /* LearniOS */ = {
			isa = PBXGroup;
			children = (
				D6A0AF38D9ACE79C776EA4C7 /* Assets.xcassets */,
				2BD6CBCC2B3DB64E002DB087 /* LaunchScreen.storyboard */,
				DDB2E75278B68CF0957F6A37 /* LearniOS.entitlements */,
				0DAF6A396033DE66B4BEB5A3 /* LearniOS.plist */,
				AB1F44B0F1249D21B9782778 /* LearniOS-Bridging-Header.h */,
				2BA3C6332B3C4CB0007E8B36 /* main.m */,
			);
			path = LearniOS;
			sourceTree = "<group>";
		};
		2B0591F226AEA21700F8D743 /* LearniOSTests */ = {
			isa = PBXGroup;
			children = (
				3A5B430C13236814C2E6DD72 /* LearniOSTests.swift */,
			);
			path = LearniOSTests;
			sourceTree = "<group>";
		};
		2B69BDF02B244CE70026C6BC /* Configuration */ = {
			isa = PBXGroup;
			children = (
				2B69BDF12B244CE70026C6BC /* common.xcconfig */,
				2B69BDF22B244CE70026C6BC /* debug.xcconfig */,
				2B69BDF32B244CE70026C6BC /* release.xcconfig */,
				2B69BDF42B244CE70026C6BC /* user.xcconfig */,
			);
			path = Configuration;
			sourceTree = "<group>";
		};
		4FF1C94C2B9D536E478E795F /* Frameworks */ = {
			isa = PBXGroup;
			children = (
				5563D417E58DF79C76F5FEBB /* Pods_LearniOS_LearniOSUITests.framework */,
				CEF65F9958F2B162768ADABF /* Pods_LearniOSTests.framework */,
				B168B2B84FCE378F2D753F12 /* Pods_LearniOSInHouse.framework */,
				ADC4980C9B84F8E8A99314FA /* Pods_LearniOS.framework */,
			);
			name = Frameworks;
			sourceTree = "<group>";
		};
		DDCD70D39B131419319558EA /* Pods */ = {
			isa = PBXGroup;
			children = (
				6C770087E1C1FF2804CC538B /* Pods-LearniOS.debug.xcconfig */,
				CD6F869884F915573F59E467 /* Pods-LearniOS.release.xcconfig */,
				B395C5EE0DD8AACBD66658FA /* Pods-LearniOS-LearniOSUITests.debug.xcconfig */,
				73335E1363D6AFB14FA99DE3 /* Pods-LearniOS-LearniOSUITests.release.xcconfig */,
				CB19CA8DD4B9AB781408ED5F /* Pods-LearniOSTests.debug.xcconfig */,
				E337587712A734EB8F6E9CA1 /* Pods-LearniOSTests.release.xcconfig */,
				BEDDE91427FA345DACA51D8D /* Pods-LearniOS.learniosdebug.xcconfig */,
				CA094CE57F4E61DA8D54A9B5 /* Pods-LearniOS.learniosinhousetest.xcconfig */,
				F6714B37E098384A9FA2165B /* Pods-LearniOS.learniosinhousedebug.xcconfig */,
				A5DC14990812F673B4A4B825 /* Pods-LearniOS.learniosrelease.xcconfig */,
				562E96309B23ABC91087B884 /* Pods-LearniOS.learniosinhouserelease.xcconfig */,
				63829B5202DFD7561581DD21 /* Pods-LearniOSInHouse.learniosdebug.xcconfig */,
				79CECD369F00E94CB24F31CE /* Pods-LearniOSInHouse.learniosinhousetest.xcconfig */,
				4AF2251846C9A03264D55277 /* Pods-LearniOSInHouse.learniosinhousedebug.xcconfig */,
				EA893023571A0A386570FD6F /* Pods-LearniOSInHouse.learniosrelease.xcconfig */,
				85F4B654FC23A8ECFFD57DF2 /* Pods-LearniOSInHouse.learniosinhouserelease.xcconfig */,
				E06B1AD6E9CA6CA10FDDD31F /* Pods-LearniOSTests.learniosdebug.xcconfig */,
				039A3ED0163C38665D7AD8DD /* Pods-LearniOSTests.learniosinhousetest.xcconfig */,
				9BAFB3F13287B174AB300EDF /* Pods-LearniOSTests.learniosinhousedebug.xcconfig */,
				416C2151878E9628030FFF07 /* Pods-LearniOSTests.learniosrelease.xcconfig */,
				8FA87B25C98E3D808CC90231 /* Pods-LearniOSTests.learniosinhouserelease.xcconfig */,
			);
			path = Pods;
			sourceTree = "<group>";
		};
/* End PBXGroup section */

/* Begin PBXNativeTarget section */
		2B0591D826AEA21400F8D743 /* LearniOS */ = {
			isa = PBXNativeTarget;
			buildConfigurationList = 2B05920326AEA21700F8D743 /* Build configuration list for PBXNativeTarget "LearniOS" */;
			buildPhases = (
				5AF3884D7B400E040EFD82A6 /* [CP] Check Pods Manifest.lock */,
				2B0591D526AEA21400F8D743 /* Sources */,
				2B0591D626AEA21400F8D743 /* Frameworks */,
				2B0591D726AEA21400F8D743 /* Resources */,
				59F490E2AAF9BFC09F3A8577 /* [CP] Embed Pods Frameworks */,
			);
			buildRules = (
			);
			dependencies = (
			);
			name = LearniOS;
			productName = LearniOS;
			productReference = 2B0591D926AEA21400F8D743 /* LearniOS.app */;
			productType = "com.apple.product-type.application";
		};
		2B0591EE26AEA21700F8D743 /* LearniOSTests */ = {
			isa = PBXNativeTarget;
			buildConfigurationList = 2B05920626AEA21700F8D743 /* Build configuration list for PBXNativeTarget "LearniOSTests" */;
			buildPhases = (
				874F8663B1B3AB750DEF8BA2 /* [CP] Check Pods Manifest.lock */,
				2B0591EB26AEA21700F8D743 /* Sources */,
				2B0591EC26AEA21700F8D743 /* Frameworks */,
				2B0591ED26AEA21700F8D743 /* Resources */,
				9A76C0EE9D64228EB3AFF22C /* [CP] Embed Pods Frameworks */,
			);
			buildRules = (
			);
			dependencies = (
				2B0591F126AEA21700F8D743 /* PBXTargetDependency */,
			);
			name = LearniOSTests;
			productName = LearniOSTests;
			productReference = 2B0591EF26AEA21700F8D743 /* LearniOSTests.xctest */;
			productType = "com.apple.product-type.bundle.unit-test";
		};
		2B3E8ABB26B6DA02002BB32B /* LearniOSInHouse */ = {
			isa = PBXNativeTarget;
			buildConfigurationList = 2B3E8AC826B6DA02002BB32B /* Build configuration list for PBXNativeTarget "LearniOSInHouse" */;
			buildPhases = (
				2B3E8ABC26B6DA02002BB32B /* [CP] Check Pods Manifest.lock */,
				2B3E8ABD26B6DA02002BB32B /* Sources */,
				2B3E8AC126B6DA02002BB32B /* Frameworks */,
				2B3E8AC326B6DA02002BB32B /* Resources */,
				2B3E8AC726B6DA02002BB32B /* [CP] Embed Pods Frameworks */,
			);
			buildRules = (
			);
			dependencies = (
			);
			name = LearniOSInHouse;
			productName = LearniOS;
			productReference = 2B3E8ACE26B6DA02002BB32B /* LearniOS.app */;
			productType = "com.apple.product-type.application";
		};
/* End PBXNativeTarget section */

/* Begin PBXProject section */
		2B0591D126AEA21400F8D743 /* Project object */ = {
			isa = PBXProject;
			attributes = {
				LastSwiftUpdateCheck = 1250;
				LastUpgradeCheck = 1250;
				TargetAttributes = {
					2B0591D826AEA21400F8D743 = {
						CreatedOnToolsVersion = 12.5.1;
						LastSwiftMigration = 1250;
					};
					2B0591EE26AEA21700F8D743 = {
						CreatedOnToolsVersion = 12.5.1;
						LastSwiftMigration = 1250;
						TestTargetID = 2B0591D826AEA21400F8D743;
					};
					2B3E8ABB26B6DA02002BB32B = {
						LastSwiftMigration = 1250;
					};
				};
			};
			buildConfigurationList = 2B0591D426AEA21400F8D743 /* Build configuration list for PBXProject "LearniOS" */;
			compatibilityVersion = "Xcode 9.3";
			developmentRegion = en;
			hasScannedForEncodings = 0;
			knownRegions = (
				en,
				Base,
			);
			mainGroup = 2B0591D026AEA21400F8D743;
			productRefGroup = 2B0591DA26AEA21400F8D743 /* Products */;
			projectDirPath = "";
			projectRoot = "";
			targets = (
				2B3E8ABB26B6DA02002BB32B /* LearniOSInHouse */,
				2B0591D826AEA21400F8D743 /* LearniOS */,
				2B0591EE26AEA21700F8D743 /* LearniOSTests */,
			);
		};
/* End PBXProject section */

/* Begin PBXResourcesBuildPhase section */
		2B0591D726AEA21400F8D743 /* Resources */ = {
			isa = PBXResourcesBuildPhase;
			buildActionMask = 2147483647;
			files = (
				94D9ADC89AD33D83FE625FCC /* Assets.xcassets in Resources */,
				2BD6CBCE2B3DB64E002DB087 /* LaunchScreen.storyboard in Resources */,
			);
			runOnlyForDeploymentPostprocessing = 0;
		};
		2B0591ED26AEA21700F8D743 /* Resources */ = {
			isa = PBXResourcesBuildPhase;
			buildActionMask = 2147483647;
			files = (
			);
			runOnlyForDeploymentPostprocessing = 0;
		};
		2B3E8AC326B6DA02002BB32B /* Resources */ = {
			isa = PBXResourcesBuildPhase;
			buildActionMask = 2147483647;
			files = (
				0CB0113C50425383E40BC705 /* Assets.xcassets in Resources */,
				2BD6CBCD2B3DB64E002DB087 /* LaunchScreen.storyboard in Resources */,
			);
			runOnlyForDeploymentPostprocessing = 0;
		};
/* End PBXResourcesBuildPhase section */

/* Begin PBXShellScriptBuildPhase section */
		2B3E8ABC26B6DA02002BB32B /* [CP] Check Pods Manifest.lock */ = {
			isa = PBXShellScriptBuildPhase;
			buildActionMask = 2147483647;
			files = (
			);
			inputFileListPaths = (
			);
			inputPaths = (
				"${PODS_PODFILE_DIR_PATH}/Podfile.lock",
				"${PODS_ROOT}/Manifest.lock",
			);
			name = "[CP] Check Pods Manifest.lock";
			outputFileListPaths = (
			);
			outputPaths = (
				"$(DERIVED_FILE_DIR)/Pods-LearniOSInHouse-checkManifestLockResult.txt",
			);
			runOnlyForDeploymentPostprocessing = 0;
			shellPath = /bin/sh;
			shellScript = "diff \"${PODS_PODFILE_DIR_PATH}/Podfile.lock\" \"${PODS_ROOT}/Manifest.lock\" > /dev/null\nif [ $? != 0 ] ; then\n    # print error to STDERR\n    echo \"error: The sandbox is not in sync with the Podfile.lock. Run 'pod install' or update your CocoaPods installation.\" >&2\n    exit 1\nfi\n# This output is used by Xcode 'outputs' to avoid re-running this script phase.\necho \"SUCCESS\" > \"${SCRIPT_OUTPUT_FILE_0}\"\n";
			showEnvVarsInLog = 0;
		};
		2B3E8AC726B6DA02002BB32B /* [CP] Embed Pods Frameworks */ = {
			isa = PBXShellScriptBuildPhase;
			buildActionMask = 2147483647;
			files = (
			);
			inputFileListPaths = (
				"${PODS_ROOT}/Target Support Files/Pods-LearniOSInHouse/Pods-LearniOSInHouse-frameworks-${CONFIGURATION}-input-files.xcfilelist",
			);
			name = "[CP] Embed Pods Frameworks";
			outputFileListPaths = (
				"${PODS_ROOT}/Target Support Files/Pods-LearniOSInHouse/Pods-LearniOSInHouse-frameworks-${CONFIGURATION}-output-files.xcfilelist",
			);
			runOnlyForDeploymentPostprocessing = 0;
			shellPath = /bin/sh;
			shellScript = "\"${PODS_ROOT}/Target Support Files/Pods-LearniOSInHouse/Pods-LearniOSInHouse-frameworks.sh\"\n";
			showEnvVarsInLog = 0;
		};
		59F490E2AAF9BFC09F3A8577 /* [CP] Embed Pods Frameworks */ = {
			isa = PBXShellScriptBuildPhase;
			buildActionMask = 2147483647;
			files = (
			);
			inputFileListPaths = (
				"${PODS_ROOT}/Target Support Files/Pods-LearniOS/Pods-LearniOS-frameworks-${CONFIGURATION}-input-files.xcfilelist",
			);
			name = "[CP] Embed Pods Frameworks";
			outputFileListPaths = (
				"${PODS_ROOT}/Target Support Files/Pods-LearniOS/Pods-LearniOS-frameworks-${CONFIGURATION}-output-files.xcfilelist",
			);
			runOnlyForDeploymentPostprocessing = 0;
			shellPath = /bin/sh;
			shellScript = "\"${PODS_ROOT}/Target Support Files/Pods-LearniOS/Pods-LearniOS-frameworks.sh\"\n";
			showEnvVarsInLog = 0;
		};
		5AF3884D7B400E040EFD82A6 /* [CP] Check Pods Manifest.lock */ = {
			isa = PBXShellScriptBuildPhase;
			buildActionMask = 2147483647;
			files = (
			);
			inputFileListPaths = (
			);
			inputPaths = (
				"${PODS_PODFILE_DIR_PATH}/Podfile.lock",
				"${PODS_ROOT}/Manifest.lock",
			);
			name = "[CP] Check Pods Manifest.lock";
			outputFileListPaths = (
			);
			outputPaths = (
				"$(DERIVED_FILE_DIR)/Pods-LearniOS-checkManifestLockResult.txt",
			);
			runOnlyForDeploymentPostprocessing = 0;
			shellPath = /bin/sh;
			shellScript = "diff \"${PODS_PODFILE_DIR_PATH}/Podfile.lock\" \"${PODS_ROOT}/Manifest.lock\" > /dev/null\nif [ $? != 0 ] ; then\n    # print error to STDERR\n    echo \"error: The sandbox is not in sync with the Podfile.lock. Run 'pod install' or update your CocoaPods installation.\" >&2\n    exit 1\nfi\n# This output is used by Xcode 'outputs' to avoid re-running this script phase.\necho \"SUCCESS\" > \"${SCRIPT_OUTPUT_FILE_0}\"\n";
			showEnvVarsInLog = 0;
		};
		874F8663B1B3AB750DEF8BA2 /* [CP] Check Pods Manifest.lock */ = {
			isa = PBXShellScriptBuildPhase;
			buildActionMask = 2147483647;
			files = (
			);
			inputFileListPaths = (
			);
			inputPaths = (
				"${PODS_PODFILE_DIR_PATH}/Podfile.lock",
				"${PODS_ROOT}/Manifest.lock",
			);
			name = "[CP] Check Pods Manifest.lock";
			outputFileListPaths = (
			);
			outputPaths = (
				"$(DERIVED_FILE_DIR)/Pods-LearniOSTests-checkManifestLockResult.txt",
			);
			runOnlyForDeploymentPostprocessing = 0;
			shellPath = /bin/sh;
			shellScript = "diff \"${PODS_PODFILE_DIR_PATH}/Podfile.lock\" \"${PODS_ROOT}/Manifest.lock\" > /dev/null\nif [ $? != 0 ] ; then\n    # print error to STDERR\n    echo \"error: The sandbox is not in sync with the Podfile.lock. Run 'pod install' or update your CocoaPods installation.\" >&2\n    exit 1\nfi\n# This output is used by Xcode 'outputs' to avoid re-running this script phase.\necho \"SUCCESS\" > \"${SCRIPT_OUTPUT_FILE_0}\"\n";
			showEnvVarsInLog = 0;
		};
		9A76C0EE9D64228EB3AFF22C /* [CP] Embed Pods Frameworks */ = {
			isa = PBXShellScriptBuildPhase;
			buildActionMask = 2147483647;
			files = (
			);
			inputFileListPaths = (
				"${PODS_ROOT}/Target Support Files/Pods-LearniOSTests/Pods-LearniOSTests-frameworks-${CONFIGURATION}-input-files.xcfilelist",
			);
			name = "[CP] Embed Pods Frameworks";
			outputFileListPaths = (
				"${PODS_ROOT}/Target Support Files/Pods-LearniOSTests/Pods-LearniOSTests-frameworks-${CONFIGURATION}-output-files.xcfilelist",
			);
			runOnlyForDeploymentPostprocessing = 0;
			shellPath = /bin/sh;
			shellScript = "\"${PODS_ROOT}/Target Support Files/Pods-LearniOSTests/Pods-LearniOSTests-frameworks.sh\"\n";
			showEnvVarsInLog = 0;
		};
/* End PBXShellScriptBuildPhase section */

/* Begin PBXSourcesBuildPhase section */
		2B0591D526AEA21400F8D743 /* Sources */ = {
			isa = PBXSourcesBuildPhase;
			buildActionMask = 2147483647;
			files = (
				2BA3C6352B3C4CB0007E8B36 /* main.m in Sources */,
			);
			runOnlyForDeploymentPostprocessing = 0;
		};
		2B0591EB26AEA21700F8D743 /* Sources */ = {
			isa = PBXSourcesBuildPhase;
			buildActionMask = 2147483647;
			files = (
				AE845F80B0BBB1164AC347B3 /* LearniOSTests.swift in Sources */,
			);
			runOnlyForDeploymentPostprocessing = 0;
		};
		2B3E8ABD26B6DA02002BB32B /* Sources */ = {
			isa = PBXSourcesBuildPhase;
			buildActionMask = 2147483647;
			files = (
				2BA3C6342B3C4CB0007E8B36 /* main.m in Sources */,
			);
			runOnlyForDeploymentPostprocessing = 0;
		};
/* End PBXSourcesBuildPhase section */

/* Begin PBXTargetDependency section */
		2B0591F126AEA21700F8D743 /* PBXTargetDependency */ = {
			isa = PBXTargetDependency;
			target = 2B0591D826AEA21400F8D743 /* LearniOS */;
			targetProxy = 2B0591F026AEA21700F8D743 /* PBXContainerItemProxy */;
		};
/* End PBXTargetDependency section */

/* Begin XCBuildConfiguration section */
		2B05920126AEA21700F8D743 /* LearniOSDebug */ = {
			isa = XCBuildConfiguration;
			baseConfigurationReference = 2B69BDF22B244CE70026C6BC /* debug.xcconfig */;
			buildSettings = {
				CLANG_WARN_BLOCK_CAPTURE_AUTORELEASING = YES;
				CLANG_WARN_BOOL_CONVERSION = YES;
				CLANG_WARN_COMMA = YES;
				CLANG_WARN_CONSTANT_CONVERSION = YES;
				CLANG_WARN_DEPRECATED_OBJC_IMPLEMENTATIONS = YES;
				CLANG_WARN_EMPTY_BODY = YES;
				CLANG_WARN_ENUM_CONVERSION = YES;
				CLANG_WARN_INFINITE_RECURSION = YES;
				CLANG_WARN_INT_CONVERSION = YES;
				CLANG_WARN_NON_LITERAL_NULL_CONVERSION = YES;
				CLANG_WARN_OBJC_IMPLICIT_RETAIN_SELF = YES;
				CLANG_WARN_OBJC_LITERAL_CONVERSION = YES;
				CLANG_WARN_QUOTED_INCLUDE_IN_FRAMEWORK_HEADER = YES;
				CLANG_WARN_RANGE_LOOP_ANALYSIS = YES;
				CLANG_WARN_STRICT_PROTOTYPES = YES;
				CLANG_WARN_SUSPICIOUS_MOVE = YES;
				CLANG_WARN_UNREACHABLE_CODE = YES;
				CLANG_WARN__DUPLICATE_METHOD_MATCH = YES;
				GCC_WARN_64_TO_32_BIT_CONVERSION = YES;
				GCC_WARN_ABOUT_RETURN_TYPE = YES;
				GCC_WARN_UNDECLARED_SELECTOR = YES;
				GCC_WARN_UNINITIALIZED_AUTOS = YES;
				GCC_WARN_UNUSED_FUNCTION = YES;
				GCC_WARN_UNUSED_VARIABLE = YES;
				IPHONEOS_DEPLOYMENT_TARGET = 12.0;
			};
			name = LearniOSDebug;
		};
		2B05920226AEA21700F8D743 /* LearniOSRelease */ = {
			isa = XCBuildConfiguration;
			baseConfigurationReference = 2B69BDF32B244CE70026C6BC /* release.xcconfig */;
			buildSettings = {
				CLANG_WARN_BLOCK_CAPTURE_AUTORELEASING = YES;
				CLANG_WARN_BOOL_CONVERSION = YES;
				CLANG_WARN_COMMA = YES;
				CLANG_WARN_CONSTANT_CONVERSION = YES;
				CLANG_WARN_DEPRECATED_OBJC_IMPLEMENTATIONS = YES;
				CLANG_WARN_EMPTY_BODY = YES;
				CLANG_WARN_ENUM_CONVERSION = YES;
				CLANG_WARN_INFINITE_RECURSION = YES;
				CLANG_WARN_INT_CONVERSION = YES;
				CLANG_WARN_NON_LITERAL_NULL_CONVERSION = YES;
				CLANG_WARN_OBJC_IMPLICIT_RETAIN_SELF = YES;
				CLANG_WARN_OBJC_LITERAL_CONVERSION = YES;
				CLANG_WARN_QUOTED_INCLUDE_IN_FRAMEWORK_HEADER = YES;
				CLANG_WARN_RANGE_LOOP_ANALYSIS = YES;
				CLANG_WARN_STRICT_PROTOTYPES = YES;
				CLANG_WARN_SUSPICIOUS_MOVE = YES;
				CLANG_WARN_UNREACHABLE_CODE = YES;
				CLANG_WARN__DUPLICATE_METHOD_MATCH = YES;
				GCC_WARN_64_TO_32_BIT_CONVERSION = YES;
				GCC_WARN_ABOUT_RETURN_TYPE = YES;
				GCC_WARN_UNDECLARED_SELECTOR = YES;
				GCC_WARN_UNINITIALIZED_AUTOS = YES;
				GCC_WARN_UNUSED_FUNCTION = YES;
				GCC_WARN_UNUSED_VARIABLE = YES;
				IPHONEOS_DEPLOYMENT_TARGET = 12.0;
				SWIFT_COMPILATION_MODE = wholemodule;
			};
			name = LearniOSRelease;
		};
		2B05920426AEA21700F8D743 /* LearniOSDebug */ = {
			isa = XCBuildConfiguration;
			baseConfigurationReference = BEDDE91427FA345DACA51D8D /* Pods-LearniOS.learniosdebug.xcconfig */;
			buildSettings = {
				ASSETCATALOG_COMPILER_APPICON_NAME = AppIcon;
				ASSETCATALOG_COMPILER_GLOBAL_ACCENT_COLOR_NAME = AccentColor;
				CLANG_ENABLE_MODULES = YES;
				CODE_SIGN_ENTITLEMENTS = "";
				CODE_SIGN_IDENTITY = "Apple Development";
				CODE_SIGN_STYLE = Automatic;
				DEVELOPMENT_TEAM = BT7ZL9CGHA;
				IPHONEOS_DEPLOYMENT_TARGET = 12.0;
				LD_RUNPATH_SEARCH_PATHS = (
					"$(inherited)",
					"@executable_path/Frameworks",
				);
				PRODUCT_BUNDLE_IDENTIFIER = com.DEEP.LearniOS;
				PRODUCT_NAME = "$(TARGET_NAME)";
				PROVISIONING_PROFILE_SPECIFIER = "";
				SUPPORTS_MACCATALYST = NO;
				SWIFT_OPTIMIZATION_LEVEL = "-Onone";
				SWIFT_VERSION = 5.0;
				TARGETED_DEVICE_FAMILY = "1,2";
			};
			name = LearniOSDebug;
		};
		2B05920526AEA21700F8D743 /* LearniOSRelease */ = {
			isa = XCBuildConfiguration;
			baseConfigurationReference = A5DC14990812F673B4A4B825 /* Pods-LearniOS.learniosrelease.xcconfig */;
			buildSettings = {
				ASSETCATALOG_COMPILER_APPICON_NAME = AppIcon;
				ASSETCATALOG_COMPILER_GLOBAL_ACCENT_COLOR_NAME = AccentColor;
				CLANG_ENABLE_MODULES = YES;
				CODE_SIGN_ENTITLEMENTS = "";
				CODE_SIGN_IDENTITY = "Apple Development";
				CODE_SIGN_STYLE = Automatic;
				DEVELOPMENT_TEAM = BT7ZL9CGHA;
				IPHONEOS_DEPLOYMENT_TARGET = 12.0;
				LD_RUNPATH_SEARCH_PATHS = (
					"$(inherited)",
					"@executable_path/Frameworks",
				);
				PRODUCT_BUNDLE_IDENTIFIER = com.DEEP.LearniOS;
				PRODUCT_NAME = "$(TARGET_NAME)";
				PROVISIONING_PROFILE_SPECIFIER = "";
				SUPPORTS_MACCATALYST = NO;
				SWIFT_OPTIMIZATION_LEVEL = "-Onone";
				SWIFT_VERSION = 5.0;
				TARGETED_DEVICE_FAMILY = "1,2";
			};
			name = LearniOSRelease;
		};
		2B05920726AEA21700F8D743 /* LearniOSDebug */ = {
			isa = XCBuildConfiguration;
			baseConfigurationReference = E06B1AD6E9CA6CA10FDDD31F /* Pods-LearniOSTests.learniosdebug.xcconfig */;
			buildSettings = {
				BUNDLE_LOADER = "$(TEST_HOST)";
				CLANG_ENABLE_MODULES = YES;
				CODE_SIGN_STYLE = Manual;
				DEVELOPMENT_TEAM = "";
				INFOPLIST_FILE = LearniOSTests/Info.plist;
				IPHONEOS_DEPLOYMENT_TARGET = 14.5;
				LD_RUNPATH_SEARCH_PATHS = (
					"$(inherited)",
					"@executable_path/Frameworks",
					"@loader_path/Frameworks",
				);
				PRODUCT_NAME = "$(TARGET_NAME)";
				PROVISIONING_PROFILE_SPECIFIER = "";
				"PROVISIONING_PROFILE_SPECIFIER[sdk=macosx*]" = "";
				SWIFT_OBJC_BRIDGING_HEADER = "${SRCROOT}/Common/Common-Bridging-Header.h";
				SWIFT_OPTIMIZATION_LEVEL = "-Onone";
				SWIFT_VERSION = 5.0;
				TARGETED_DEVICE_FAMILY = "1,2";
				TEST_HOST = "$(BUILT_PRODUCTS_DIR)/LearniOS.app/LearniOS";
			};
			name = LearniOSDebug;
		};
		2B05920826AEA21700F8D743 /* LearniOSRelease */ = {
			isa = XCBuildConfiguration;
			baseConfigurationReference = 416C2151878E9628030FFF07 /* Pods-LearniOSTests.learniosrelease.xcconfig */;
			buildSettings = {
				BUNDLE_LOADER = "$(TEST_HOST)";
				CLANG_ENABLE_MODULES = YES;
				CODE_SIGN_STYLE = Manual;
				DEVELOPMENT_TEAM = "";
				INFOPLIST_FILE = LearniOSTests/Info.plist;
				IPHONEOS_DEPLOYMENT_TARGET = 14.5;
				LD_RUNPATH_SEARCH_PATHS = (
					"$(inherited)",
					"@executable_path/Frameworks",
					"@loader_path/Frameworks",
				);
				PRODUCT_NAME = "$(TARGET_NAME)";
				PROVISIONING_PROFILE_SPECIFIER = "";
				"PROVISIONING_PROFILE_SPECIFIER[sdk=macosx*]" = "";
				SWIFT_OBJC_BRIDGING_HEADER = "${SRCROOT}/Common/Common-Bridging-Header.h";
				SWIFT_OPTIMIZATION_LEVEL = "-Onone";
				SWIFT_VERSION = 5.0;
				TARGETED_DEVICE_FAMILY = "1,2";
				TEST_HOST = "$(BUILT_PRODUCTS_DIR)/LearniOS.app/LearniOS";
			};
			name = LearniOSRelease;
		};
		2B3E8A9426B6AF40002BB32B /* LearniOSInHouseDebug */ = {
			isa = XCBuildConfiguration;
			baseConfigurationReference = 2B69BDF22B244CE70026C6BC /* debug.xcconfig */;
			buildSettings = {
				CLANG_WARN_BLOCK_CAPTURE_AUTORELEASING = YES;
				CLANG_WARN_BOOL_CONVERSION = YES;
				CLANG_WARN_COMMA = YES;
				CLANG_WARN_CONSTANT_CONVERSION = YES;
				CLANG_WARN_DEPRECATED_OBJC_IMPLEMENTATIONS = YES;
				CLANG_WARN_EMPTY_BODY = YES;
				CLANG_WARN_ENUM_CONVERSION = YES;
				CLANG_WARN_INFINITE_RECURSION = YES;
				CLANG_WARN_INT_CONVERSION = YES;
				CLANG_WARN_NON_LITERAL_NULL_CONVERSION = YES;
				CLANG_WARN_OBJC_IMPLICIT_RETAIN_SELF = YES;
				CLANG_WARN_OBJC_LITERAL_CONVERSION = YES;
				CLANG_WARN_QUOTED_INCLUDE_IN_FRAMEWORK_HEADER = YES;
				CLANG_WARN_RANGE_LOOP_ANALYSIS = YES;
				CLANG_WARN_STRICT_PROTOTYPES = YES;
				CLANG_WARN_SUSPICIOUS_MOVE = YES;
				CLANG_WARN_UNREACHABLE_CODE = YES;
				CLANG_WARN__DUPLICATE_METHOD_MATCH = YES;
				DEBUG_INFORMATION_FORMAT = dwarf;
				DEPLOYMENT_POSTPROCESSING = YES;
				ENABLE_TESTABILITY = NO;
				GCC_WARN_64_TO_32_BIT_CONVERSION = YES;
				GCC_WARN_ABOUT_RETURN_TYPE = YES;
				GCC_WARN_UNDECLARED_SELECTOR = YES;
				GCC_WARN_UNINITIALIZED_AUTOS = YES;
				GCC_WARN_UNUSED_FUNCTION = YES;
				GCC_WARN_UNUSED_VARIABLE = YES;
				IPHONEOS_DEPLOYMENT_TARGET = 12.0;
			};
			name = LearniOSInHouseDebug;
		};
		2B3E8A9526B6AF40002BB32B /* LearniOSInHouseDebug */ = {
			isa = XCBuildConfiguration;
			baseConfigurationReference = F6714B37E098384A9FA2165B /* Pods-LearniOS.learniosinhousedebug.xcconfig */;
			buildSettings = {
				ASSETCATALOG_COMPILER_APPICON_NAME = AppIcon;
				ASSETCATALOG_COMPILER_GLOBAL_ACCENT_COLOR_NAME = AccentColor;
				CLANG_ENABLE_MODULES = YES;
				CODE_SIGN_ENTITLEMENTS = "";
				CODE_SIGN_IDENTITY = "Apple Development";
				CODE_SIGN_STYLE = Automatic;
				DEVELOPMENT_TEAM = BT7ZL9CGHA;
				IPHONEOS_DEPLOYMENT_TARGET = 12.0;
				LD_RUNPATH_SEARCH_PATHS = (
					"$(inherited)",
					"@executable_path/Frameworks",
				);
				PRODUCT_NAME = "$(TARGET_NAME)";
				PROVISIONING_PROFILE_SPECIFIER = "";
				SUPPORTS_MACCATALYST = NO;
				SWIFT_OPTIMIZATION_LEVEL = "-Onone";
				SWIFT_VERSION = 5.0;
				TARGETED_DEVICE_FAMILY = "1,2";
			};
			name = LearniOSInHouseDebug;
		};
		2B3E8A9626B6AF40002BB32B /* LearniOSInHouseDebug */ = {
			isa = XCBuildConfiguration;
			baseConfigurationReference = 9BAFB3F13287B174AB300EDF /* Pods-LearniOSTests.learniosinhousedebug.xcconfig */;
			buildSettings = {
				BUNDLE_LOADER = "$(TEST_HOST)";
				CLANG_ENABLE_MODULES = YES;
				CODE_SIGN_STYLE = Manual;
				DEVELOPMENT_TEAM = "";
				INFOPLIST_FILE = LearniOSTests/Info.plist;
				IPHONEOS_DEPLOYMENT_TARGET = 14.5;
				LD_RUNPATH_SEARCH_PATHS = (
					"$(inherited)",
					"@executable_path/Frameworks",
					"@loader_path/Frameworks",
				);
				PRODUCT_NAME = "$(TARGET_NAME)";
				PROVISIONING_PROFILE_SPECIFIER = "";
				"PROVISIONING_PROFILE_SPECIFIER[sdk=macosx*]" = "";
				SWIFT_OBJC_BRIDGING_HEADER = "${SRCROOT}/Common/Common-Bridging-Header.h";
				SWIFT_OPTIMIZATION_LEVEL = "-Onone";
				SWIFT_VERSION = 5.0;
				TARGETED_DEVICE_FAMILY = "1,2";
				TEST_HOST = "$(BUILT_PRODUCTS_DIR)/LearniOS.app/LearniOS";
			};
			name = LearniOSInHouseDebug;
		};
		2B3E8A9826B6AF51002BB32B /* LearniOSInHouseRelease */ = {
			isa = XCBuildConfiguration;
			baseConfigurationReference = 2B69BDF32B244CE70026C6BC /* release.xcconfig */;
			buildSettings = {
				CLANG_WARN_BLOCK_CAPTURE_AUTORELEASING = YES;
				CLANG_WARN_BOOL_CONVERSION = YES;
				CLANG_WARN_COMMA = YES;
				CLANG_WARN_CONSTANT_CONVERSION = YES;
				CLANG_WARN_DEPRECATED_OBJC_IMPLEMENTATIONS = YES;
				CLANG_WARN_EMPTY_BODY = YES;
				CLANG_WARN_ENUM_CONVERSION = YES;
				CLANG_WARN_INFINITE_RECURSION = YES;
				CLANG_WARN_INT_CONVERSION = YES;
				CLANG_WARN_NON_LITERAL_NULL_CONVERSION = YES;
				CLANG_WARN_OBJC_IMPLICIT_RETAIN_SELF = YES;
				CLANG_WARN_OBJC_LITERAL_CONVERSION = YES;
				CLANG_WARN_QUOTED_INCLUDE_IN_FRAMEWORK_HEADER = YES;
				CLANG_WARN_RANGE_LOOP_ANALYSIS = YES;
				CLANG_WARN_STRICT_PROTOTYPES = YES;
				CLANG_WARN_SUSPICIOUS_MOVE = YES;
				CLANG_WARN_UNREACHABLE_CODE = YES;
				CLANG_WARN__DUPLICATE_METHOD_MATCH = YES;
				GCC_WARN_64_TO_32_BIT_CONVERSION = YES;
				GCC_WARN_ABOUT_RETURN_TYPE = YES;
				GCC_WARN_UNDECLARED_SELECTOR = YES;
				GCC_WARN_UNINITIALIZED_AUTOS = YES;
				GCC_WARN_UNUSED_FUNCTION = YES;
				GCC_WARN_UNUSED_VARIABLE = YES;
				IPHONEOS_DEPLOYMENT_TARGET = 12.0;
				SWIFT_COMPILATION_MODE = wholemodule;
			};
			name = LearniOSInHouseRelease;
		};
		2B3E8A9926B6AF51002BB32B /* LearniOSInHouseRelease */ = {
			isa = XCBuildConfiguration;
			baseConfigurationReference = 562E96309B23ABC91087B884 /* Pods-LearniOS.learniosinhouserelease.xcconfig */;
			buildSettings = {
				ASSETCATALOG_COMPILER_APPICON_NAME = AppIcon;
				ASSETCATALOG_COMPILER_GLOBAL_ACCENT_COLOR_NAME = AccentColor;
				CLANG_ENABLE_MODULES = YES;
				CODE_SIGN_ENTITLEMENTS = "";
				CODE_SIGN_IDENTITY = "Apple Development";
				CODE_SIGN_STYLE = Automatic;
				DEVELOPMENT_TEAM = BT7ZL9CGHA;
				IPHONEOS_DEPLOYMENT_TARGET = 12.0;
				LD_RUNPATH_SEARCH_PATHS = (
					"$(inherited)",
					"@executable_path/Frameworks",
				);
				PRODUCT_BUNDLE_IDENTIFIER = com.DEEP.LearniOS;
				PRODUCT_NAME = "$(TARGET_NAME)";
				PROVISIONING_PROFILE_SPECIFIER = "";
				SUPPORTS_MACCATALYST = NO;
				SWIFT_OPTIMIZATION_LEVEL = "-Onone";
				SWIFT_VERSION = 5.0;
				TARGETED_DEVICE_FAMILY = "1,2";
			};
			name = LearniOSInHouseRelease;
		};
		2B3E8A9A26B6AF51002BB32B /* LearniOSInHouseRelease */ = {
			isa = XCBuildConfiguration;
			baseConfigurationReference = 8FA87B25C98E3D808CC90231 /* Pods-LearniOSTests.learniosinhouserelease.xcconfig */;
			buildSettings = {
				BUNDLE_LOADER = "$(TEST_HOST)";
				CLANG_ENABLE_MODULES = YES;
				CODE_SIGN_STYLE = Manual;
				DEVELOPMENT_TEAM = "";
				INFOPLIST_FILE = LearniOSTests/Info.plist;
				IPHONEOS_DEPLOYMENT_TARGET = 14.5;
				LD_RUNPATH_SEARCH_PATHS = (
					"$(inherited)",
					"@executable_path/Frameworks",
					"@loader_path/Frameworks",
				);
				PRODUCT_NAME = "$(TARGET_NAME)";
				PROVISIONING_PROFILE_SPECIFIER = "";
				"PROVISIONING_PROFILE_SPECIFIER[sdk=macosx*]" = "";
				SWIFT_OBJC_BRIDGING_HEADER = "${SRCROOT}/Common/Common-Bridging-Header.h";
				SWIFT_OPTIMIZATION_LEVEL = "-Onone";
				SWIFT_VERSION = 5.0;
				TARGETED_DEVICE_FAMILY = "1,2";
				TEST_HOST = "$(BUILT_PRODUCTS_DIR)/LearniOS.app/LearniOS";
			};
			name = LearniOSInHouseRelease;
		};
		2B3E8A9C26B6AF5A002BB32B /* LearniOSInHouseTest */ = {
			isa = XCBuildConfiguration;
			baseConfigurationReference = 2B69BDF22B244CE70026C6BC /* debug.xcconfig */;
			buildSettings = {
				CLANG_WARN_BLOCK_CAPTURE_AUTORELEASING = YES;
				CLANG_WARN_BOOL_CONVERSION = YES;
				CLANG_WARN_COMMA = YES;
				CLANG_WARN_CONSTANT_CONVERSION = YES;
				CLANG_WARN_DEPRECATED_OBJC_IMPLEMENTATIONS = YES;
				CLANG_WARN_EMPTY_BODY = YES;
				CLANG_WARN_ENUM_CONVERSION = YES;
				CLANG_WARN_INFINITE_RECURSION = YES;
				CLANG_WARN_INT_CONVERSION = YES;
				CLANG_WARN_NON_LITERAL_NULL_CONVERSION = YES;
				CLANG_WARN_OBJC_IMPLICIT_RETAIN_SELF = YES;
				CLANG_WARN_OBJC_LITERAL_CONVERSION = YES;
				CLANG_WARN_QUOTED_INCLUDE_IN_FRAMEWORK_HEADER = YES;
				CLANG_WARN_RANGE_LOOP_ANALYSIS = YES;
				CLANG_WARN_STRICT_PROTOTYPES = YES;
				CLANG_WARN_SUSPICIOUS_MOVE = YES;
				CLANG_WARN_UNREACHABLE_CODE = YES;
				CLANG_WARN__DUPLICATE_METHOD_MATCH = YES;
				GCC_WARN_64_TO_32_BIT_CONVERSION = YES;
				GCC_WARN_ABOUT_RETURN_TYPE = YES;
				GCC_WARN_UNDECLARED_SELECTOR = YES;
				GCC_WARN_UNINITIALIZED_AUTOS = YES;
				GCC_WARN_UNUSED_FUNCTION = YES;
				GCC_WARN_UNUSED_VARIABLE = YES;
				IPHONEOS_DEPLOYMENT_TARGET = 12.0;
			};
			name = LearniOSInHouseTest;
		};
		2B3E8A9D26B6AF5A002BB32B /* LearniOSInHouseTest */ = {
			isa = XCBuildConfiguration;
			baseConfigurationReference = CA094CE57F4E61DA8D54A9B5 /* Pods-LearniOS.learniosinhousetest.xcconfig */;
			buildSettings = {
				ASSETCATALOG_COMPILER_APPICON_NAME = AppIcon;
				ASSETCATALOG_COMPILER_GLOBAL_ACCENT_COLOR_NAME = AccentColor;
				CLANG_ENABLE_MODULES = YES;
				CODE_SIGN_ENTITLEMENTS = "";
				CODE_SIGN_IDENTITY = "Apple Development";
				CODE_SIGN_STYLE = Automatic;
				DEVELOPMENT_TEAM = BT7ZL9CGHA;
				IPHONEOS_DEPLOYMENT_TARGET = 12.0;
				LD_RUNPATH_SEARCH_PATHS = (
					"$(inherited)",
					"@executable_path/Frameworks",
				);
				PRODUCT_NAME = "$(TARGET_NAME)";
				PROVISIONING_PROFILE_SPECIFIER = "";
				SUPPORTS_MACCATALYST = NO;
				SWIFT_OPTIMIZATION_LEVEL = "-Onone";
				SWIFT_VERSION = 5.0;
				TARGETED_DEVICE_FAMILY = "1,2";
			};
			name = LearniOSInHouseTest;
		};
		2B3E8A9E26B6AF5A002BB32B /* LearniOSInHouseTest */ = {
			isa = XCBuildConfiguration;
			baseConfigurationReference = 039A3ED0163C38665D7AD8DD /* Pods-LearniOSTests.learniosinhousetest.xcconfig */;
			buildSettings = {
				BUNDLE_LOADER = "$(TEST_HOST)";
				CLANG_ENABLE_MODULES = YES;
				CODE_SIGN_STYLE = Manual;
				DEVELOPMENT_TEAM = "";
				INFOPLIST_FILE = LearniOSTests/Info.plist;
				IPHONEOS_DEPLOYMENT_TARGET = 14.5;
				LD_RUNPATH_SEARCH_PATHS = (
					"$(inherited)",
					"@executable_path/Frameworks",
					"@loader_path/Frameworks",
				);
				PRODUCT_NAME = "$(TARGET_NAME)";
				PROVISIONING_PROFILE_SPECIFIER = "";
				"PROVISIONING_PROFILE_SPECIFIER[sdk=macosx*]" = "";
				SWIFT_OBJC_BRIDGING_HEADER = "${SRCROOT}/Common/Common-Bridging-Header.h";
				SWIFT_OPTIMIZATION_LEVEL = "-Onone";
				SWIFT_VERSION = 5.0;
				TARGETED_DEVICE_FAMILY = "1,2";
				TEST_HOST = "$(BUILT_PRODUCTS_DIR)/LearniOS.app/LearniOS";
			};
			name = LearniOSInHouseTest;
		};
		2B3E8AC926B6DA02002BB32B /* LearniOSDebug */ = {
			isa = XCBuildConfiguration;
			baseConfigurationReference = 63829B5202DFD7561581DD21 /* Pods-LearniOSInHouse.learniosdebug.xcconfig */;
			buildSettings = {
				ASSETCATALOG_COMPILER_APPICON_NAME = AppIcon;
				CODE_SIGN_ENTITLEMENTS = "";
				CODE_SIGN_IDENTITY = "Apple Development";
				CODE_SIGN_STYLE = Automatic;
				DEFINES_MODULE = YES;
				DEPLOYMENT_POSTPROCESSING = NO;
				DEVELOPMENT_TEAM = BT7ZL9CGHA;
				GCC_GENERATE_DEBUGGING_SYMBOLS = YES;
				IPHONEOS_DEPLOYMENT_TARGET = 12.0;
				PROVISIONING_PROFILE_SPECIFIER = "";
				STRIP_INSTALLED_PRODUCT = NO;
				SUPPORTS_MACCATALYST = NO;
				SWIFT_VERSION = 5.0;
				TARGETED_DEVICE_FAMILY = "1,2";
			};
			name = LearniOSDebug;
		};
		2B3E8ACA26B6DA02002BB32B /* LearniOSInHouseTest */ = {
			isa = XCBuildConfiguration;
			baseConfigurationReference = 79CECD369F00E94CB24F31CE /* Pods-LearniOSInHouse.learniosinhousetest.xcconfig */;
			buildSettings = {
				ASSETCATALOG_COMPILER_APPICON_NAME = AppIcon;
				CODE_SIGN_ENTITLEMENTS = "";
				CODE_SIGN_IDENTITY = "Apple Development";
				CODE_SIGN_STYLE = Automatic;
				DEFINES_MODULE = YES;
				DEVELOPMENT_TEAM = BT7ZL9CGHA;
				GCC_GENERATE_DEBUGGING_SYMBOLS = YES;
				IPHONEOS_DEPLOYMENT_TARGET = 12.0;
				PROVISIONING_PROFILE_SPECIFIER = "";
				SUPPORTS_MACCATALYST = NO;
				SWIFT_VERSION = 5.0;
				TARGETED_DEVICE_FAMILY = "1,2";
			};
			name = LearniOSInHouseTest;
		};
		2B3E8ACB26B6DA02002BB32B /* LearniOSInHouseDebug */ = {
			isa = XCBuildConfiguration;
			baseConfigurationReference = 4AF2251846C9A03264D55277 /* Pods-LearniOSInHouse.learniosinhousedebug.xcconfig */;
			buildSettings = {
				ASSETCATALOG_COMPILER_APPICON_NAME = AppIcon;
				CODE_SIGN_ENTITLEMENTS = "";
				CODE_SIGN_IDENTITY = "Apple Development";
				CODE_SIGN_STYLE = Automatic;
				DEFINES_MODULE = YES;
				DEPLOYMENT_POSTPROCESSING = NO;
				DEVELOPMENT_TEAM = BT7ZL9CGHA;
				ENABLE_TESTABILITY = YES;
				GCC_GENERATE_DEBUGGING_SYMBOLS = YES;
				IPHONEOS_DEPLOYMENT_TARGET = 12.0;
				LD_GENERATE_MAP_FILE = NO;
				PROVISIONING_PROFILE_SPECIFIER = "";
				STRIP_INSTALLED_PRODUCT = NO;
				SUPPORTS_MACCATALYST = NO;
				SWIFT_VERSION = 5.0;
				TARGETED_DEVICE_FAMILY = "1,2";
			};
			name = LearniOSInHouseDebug;
		};
		2B3E8ACC26B6DA02002BB32B /* LearniOSRelease */ = {
			isa = XCBuildConfiguration;
			baseConfigurationReference = EA893023571A0A386570FD6F /* Pods-LearniOSInHouse.learniosrelease.xcconfig */;
			buildSettings = {
				ASSETCATALOG_COMPILER_APPICON_NAME = AppIcon;
				CODE_SIGN_ENTITLEMENTS = "";
				CODE_SIGN_IDENTITY = "Apple Development";
				CODE_SIGN_STYLE = Automatic;
				DEFINES_MODULE = YES;
				DEVELOPMENT_TEAM = BT7ZL9CGHA;
				GCC_GENERATE_DEBUGGING_SYMBOLS = YES;
				IPHONEOS_DEPLOYMENT_TARGET = 12.0;
				PROVISIONING_PROFILE_SPECIFIER = "";
				SUPPORTS_MACCATALYST = NO;
				SWIFT_VERSION = 5.0;
				TARGETED_DEVICE_FAMILY = "1,2";
			};
			name = LearniOSRelease;
		};
		2B3E8ACD26B6DA02002BB32B /* LearniOSInHouseRelease */ = {
			isa = XCBuildConfiguration;
			baseConfigurationReference = 85F4B654FC23A8ECFFD57DF2 /* Pods-LearniOSInHouse.learniosinhouserelease.xcconfig */;
			buildSettings = {
				ASSETCATALOG_COMPILER_APPICON_NAME = AppIcon;
				CODE_SIGN_ENTITLEMENTS = "";
				CODE_SIGN_IDENTITY = "Apple Development";
				CODE_SIGN_STYLE = Automatic;
				DEFINES_MODULE = YES;
				DEVELOPMENT_TEAM = BT7ZL9CGHA;
				GCC_GENERATE_DEBUGGING_SYMBOLS = YES;
				IPHONEOS_DEPLOYMENT_TARGET = 12.0;
				PROVISIONING_PROFILE_SPECIFIER = "";
				SUPPORTS_MACCATALYST = NO;
				SWIFT_VERSION = 5.0;
				TARGETED_DEVICE_FAMILY = "1,2";
			};
			name = LearniOSInHouseRelease;
		};
/* End XCBuildConfiguration section */

/* Begin XCConfigurationList section */
		2B0591D426AEA21400F8D743 /* Build configuration list for PBXProject "LearniOS" */ = {
			isa = XCConfigurationList;
			buildConfigurations = (
				2B05920126AEA21700F8D743 /* LearniOSDebug */,
				2B3E8A9C26B6AF5A002BB32B /* LearniOSInHouseTest */,
				2B3E8A9426B6AF40002BB32B /* LearniOSInHouseDebug */,
				2B05920226AEA21700F8D743 /* LearniOSRelease */,
				2B3E8A9826B6AF51002BB32B /* LearniOSInHouseRelease */,
			);
			defaultConfigurationIsVisible = 0;
			defaultConfigurationName = LearniOSInHouseDebug;
		};
		2B05920326AEA21700F8D743 /* Build configuration list for PBXNativeTarget "LearniOS" */ = {
			isa = XCConfigurationList;
			buildConfigurations = (
				2B05920426AEA21700F8D743 /* LearniOSDebug */,
				2B3E8A9D26B6AF5A002BB32B /* LearniOSInHouseTest */,
				2B3E8A9526B6AF40002BB32B /* LearniOSInHouseDebug */,
				2B05920526AEA21700F8D743 /* LearniOSRelease */,
				2B3E8A9926B6AF51002BB32B /* LearniOSInHouseRelease */,
			);
			defaultConfigurationIsVisible = 0;
			defaultConfigurationName = LearniOSInHouseDebug;
		};
		2B05920626AEA21700F8D743 /* Build configuration list for PBXNativeTarget "LearniOSTests" */ = {
			isa = XCConfigurationList;
			buildConfigurations = (
				2B05920726AEA21700F8D743 /* LearniOSDebug */,
				2B3E8A9E26B6AF5A002BB32B /* LearniOSInHouseTest */,
				2B3E8A9626B6AF40002BB32B /* LearniOSInHouseDebug */,
				2B05920826AEA21700F8D743 /* LearniOSRelease */,
				2B3E8A9A26B6AF51002BB32B /* LearniOSInHouseRelease */,
			);
			defaultConfigurationIsVisible = 0;
			defaultConfigurationName = LearniOSInHouseDebug;
		};
		2B3E8AC826B6DA02002BB32B /* Build configuration list for PBXNativeTarget "LearniOSInHouse" */ = {
			isa = XCConfigurationList;
			buildConfigurations = (
				2B3E8AC926B6DA02002BB32B /* LearniOSDebug */,
				2B3E8ACA26B6DA02002BB32B /* LearniOSInHouseTest */,
				2B3E8ACB26B6DA02002BB32B /* LearniOSInHouseDebug */,
				2B3E8ACC26B6DA02002BB32B /* LearniOSRelease */,
				2B3E8ACD26B6DA02002BB32B /* LearniOSInHouseRelease */,
			);
			defaultConfigurationIsVisible = 0;
			defaultConfigurationName = LearniOSInHouseDebug;
		};
/* End XCConfigurationList section */
	};
	rootObject = 2B0591D126AEA21400F8D743 /* Project object */;
}
